// !$*UTF8*$!
{
	archiveVersion = 1;
	classes = {
	};
	objectVersion = 46;
	objects = {

/* Begin PBXBuildFile section */
		99ABF136130D3C6400462754 /* UIKit.framework in Frameworks */ = {isa = PBXBuildFile; fileRef = 99ABF135130D3C6400462754 /* UIKit.framework */; };
		99ABF138130D3C6400462754 /* Foundation.framework in Frameworks */ = {isa = PBXBuildFile; fileRef = 99ABF137130D3C6400462754 /* Foundation.framework */; };
		99ABF13A130D3C6400462754 /* CoreGraphics.framework in Frameworks */ = {isa = PBXBuildFile; fileRef = 99ABF139130D3C6400462754 /* CoreGraphics.framework */; };
		D3A138DC150012C900C81D54 /* ADBImageView.m in Sources */ = {isa = PBXBuildFile; fileRef = D3A138D9150012C900C81D54 /* ADBImageView.m */; };
		D3A138DD150012C900C81D54 /* README.md in Resources */ = {isa = PBXBuildFile; fileRef = D3A138DA150012C900C81D54 /* README.md */; };
		D3A138DF1500131D00C81D54 /* main.m in Sources */ = {isa = PBXBuildFile; fileRef = D3A138DE1500131D00C81D54 /* main.m */; };
		D3A138E21500133A00C81D54 /* AppDelegate.m in Sources */ = {isa = PBXBuildFile; fileRef = D3A138E01500133A00C81D54 /* AppDelegate.m */; };
		D3A138E61500135700C81D54 /* placeholder.png in Resources */ = {isa = PBXBuildFile; fileRef = D3A138E31500135700C81D54 /* placeholder.png */; };
		D3A138E71500135700C81D54 /* placeholder@2x.png in Resources */ = {isa = PBXBuildFile; fileRef = D3A138E41500135700C81D54 /* placeholder@2x.png */; };
		D3A138E81500135700C81D54 /* MainWindow.xib in Resources */ = {isa = PBXBuildFile; fileRef = D3A138E51500135700C81D54 /* MainWindow.xib */; };
/* End PBXBuildFile section */

/* Begin PBXFileReference section */
		99ABF131130D3C6400462754 /* ADBImageViewDemo.app */ = {isa = PBXFileReference; explicitFileType = wrapper.application; includeInIndex = 0; path = ADBImageViewDemo.app; sourceTree = BUILT_PRODUCTS_DIR; };
		99ABF135130D3C6400462754 /* UIKit.framework */ = {isa = PBXFileReference; lastKnownFileType = wrapper.framework; name = UIKit.framework; path = System/Library/Frameworks/UIKit.framework; sourceTree = SDKROOT; };
		99ABF137130D3C6400462754 /* Foundation.framework */ = {isa = PBXFileReference; lastKnownFileType = wrapper.framework; name = Foundation.framework; path = System/Library/Frameworks/Foundation.framework; sourceTree = SDKROOT; };
		99ABF139130D3C6400462754 /* CoreGraphics.framework */ = {isa = PBXFileReference; lastKnownFileType = wrapper.framework; name = CoreGraphics.framework; path = System/Library/Frameworks/CoreGraphics.framework; sourceTree = SDKROOT; };
		D3A138D9150012C900C81D54 /* ADBImageView.m */ = {isa = PBXFileReference; fileEncoding = 4; lastKnownFileType = sourcecode.c.objc; path = ADBImageView.m; sourceTree = "<group>"; };
		D3A138DA150012C900C81D54 /* README.md */ = {isa = PBXFileReference; fileEncoding = 4; lastKnownFileType = text; path = README.md; sourceTree = "<group>"; };
		D3A138DB150012C900C81D54 /* ADBImageView.h */ = {isa = PBXFileReference; fileEncoding = 4; lastKnownFileType = sourcecode.c.h; path = ADBImageView.h; sourceTree = "<group>"; };
		D3A138DE1500131D00C81D54 /* main.m */ = {isa = PBXFileReference; fileEncoding = 4; lastKnownFileType = sourcecode.c.objc; path = main.m; sourceTree = SOURCE_ROOT; };
		D3A138E01500133A00C81D54 /* AppDelegate.m */ = {isa = PBXFileReference; fileEncoding = 4; lastKnownFileType = sourcecode.c.objc; path = AppDelegate.m; sourceTree = SOURCE_ROOT; };
		D3A138E11500133A00C81D54 /* AppDelegate.h */ = {isa = PBXFileReference; fileEncoding = 4; lastKnownFileType = sourcecode.c.h; path = AppDelegate.h; sourceTree = SOURCE_ROOT; };
		D3A138E31500135700C81D54 /* placeholder.png */ = {isa = PBXFileReference; lastKnownFileType = image.png; path = placeholder.png; sourceTree = SOURCE_ROOT; };
		D3A138E41500135700C81D54 /* placeholder@2x.png */ = {isa = PBXFileReference; lastKnownFileType = image.png; path = "placeholder@2x.png"; sourceTree = SOURCE_ROOT; };
		D3A138E51500135700C81D54 /* MainWindow.xib */ = {isa = PBXFileReference; fileEncoding = 4; lastKnownFileType = file.xib; path = MainWindow.xib; sourceTree = SOURCE_ROOT; };
		D3A138E91500137200C81D54 /* ADBImageViewDemo-Info.plist */ = {isa = PBXFileReference; fileEncoding = 4; lastKnownFileType = text.plist.xml; path = "ADBImageViewDemo-Info.plist"; sourceTree = SOURCE_ROOT; };
		D3A138EA1500137200C81D54 /* ADBImageViewDemo-Prefix.pch */ = {isa = PBXFileReference; fileEncoding = 4; lastKnownFileType = sourcecode.c.h; path = "ADBImageViewDemo-Prefix.pch"; sourceTree = SOURCE_ROOT; };
/* End PBXFileReference section */

/* Begin PBXFrameworksBuildPhase section */
		99ABF12E130D3C6400462754 /* Frameworks */ = {
			isa = PBXFrameworksBuildPhase;
			buildActionMask = 2147483647;
			files = (
				99ABF136130D3C6400462754 /* UIKit.framework in Frameworks */,
				99ABF138130D3C6400462754 /* Foundation.framework in Frameworks */,
				99ABF13A130D3C6400462754 /* CoreGraphics.framework in Frameworks */,
			);
			runOnlyForDeploymentPostprocessing = 0;
		};
/* End PBXFrameworksBuildPhase section */

/* Begin PBXGroup section */
		99ABF126130D3C6400462754 = {
			isa = PBXGroup;
			children = (
				D3A138DA150012C900C81D54 /* README.md */,
				99ABF152130D3C9700462754 /* ADBIMageView */,
				D3AE9D5A14FA80CA002E9779 /* ADBImageViewDemo */,
				99ABF134130D3C6400462754 /* Frameworks */,
				99ABF132130D3C6400462754 /* Products */,
			);
			sourceTree = "<group>";
		};
		99ABF132130D3C6400462754 /* Products */ = {
			isa = PBXGroup;
			children = (
				99ABF131130D3C6400462754 /* ADBImageViewDemo.app */,
			);
			name = Products;
			sourceTree = "<group>";
		};
		99ABF134130D3C6400462754 /* Frameworks */ = {
			isa = PBXGroup;
			children = (
				99ABF135130D3C6400462754 /* UIKit.framework */,
				99ABF137130D3C6400462754 /* Foundation.framework */,
				99ABF139130D3C6400462754 /* CoreGraphics.framework */,
			);
			name = Frameworks;
			sourceTree = "<group>";
		};
		99ABF152130D3C9700462754 /* ADBIMageView */ = {
			isa = PBXGroup;
			children = (
				D3A138DB150012C900C81D54 /* ADBImageView.h */,
				D3A138D9150012C900C81D54 /* ADBImageView.m */,
			);
			name = ADBIMageView;
			sourceTree = "<group>";
		};
		D3AE9D5A14FA80CA002E9779 /* ADBImageViewDemo */ = {
			isa = PBXGroup;
			children = (
				D3A138E11500133A00C81D54 /* AppDelegate.h */,
				D3A138E01500133A00C81D54 /* AppDelegate.m */,
				D3AE9D6D14FA80DE002E9779 /* Supporting Files */,
				D3A138E31500135700C81D54 /* placeholder.png */,
				D3A138E41500135700C81D54 /* placeholder@2x.png */,
				D3A138E51500135700C81D54 /* MainWindow.xib */,
			);
			path = ADBImageViewDemo;
			sourceTree = "<group>";
		};
		D3AE9D6D14FA80DE002E9779 /* Supporting Files */ = {
			isa = PBXGroup;
			children = (
				D3A138E91500137200C81D54 /* ADBImageViewDemo-Info.plist */,
				D3A138EA1500137200C81D54 /* ADBImageViewDemo-Prefix.pch */,
				D3A138DE1500131D00C81D54 /* main.m */,
			);
			name = "Supporting Files";
			sourceTree = "<group>";
		};
/* End PBXGroup section */

/* Begin PBXNativeTarget section */
		99ABF130130D3C6400462754 /* ADBImageViewDemo */ = {
			isa = PBXNativeTarget;
			buildConfigurationList = 99ABF14C130D3C6400462754 /* Build configuration list for PBXNativeTarget "ADBImageViewDemo" */;
			buildPhases = (
				99ABF12D130D3C6400462754 /* Sources */,
				99ABF12E130D3C6400462754 /* Frameworks */,
				99ABF12F130D3C6400462754 /* Resources */,
			);
			buildRules = (
			);
			dependencies = (
			);
			name = ADBImageViewDemo;
			productName = TCImageViewDemo;
			productReference = 99ABF131130D3C6400462754 /* ADBImageViewDemo.app */;
			productType = "com.apple.product-type.application";
		};
/* End PBXNativeTarget section */

/* Begin PBXProject section */
		99ABF128130D3C6400462754 /* Project object */ = {
			isa = PBXProject;
			attributes = {
				LastUpgradeCheck = 0420;
				ORGANIZATIONNAME = 63BITS;
			};
			buildConfigurationList = 99ABF12B130D3C6400462754 /* Build configuration list for PBXProject "ADBImageViewDemo" */;
			compatibilityVersion = "Xcode 3.2";
			developmentRegion = English;
			hasScannedForEncodings = 0;
			knownRegions = (
				en,
			);
			mainGroup = 99ABF126130D3C6400462754;
			productRefGroup = 99ABF132130D3C6400462754 /* Products */;
			projectDirPath = "";
			projectRoot = "";
			targets = (
				99ABF130130D3C6400462754 /* ADBImageViewDemo */,
			);
		};
/* End PBXProject section */

/* Begin PBXResourcesBuildPhase section */
		99ABF12F130D3C6400462754 /* Resources */ = {
			isa = PBXResourcesBuildPhase;
			buildActionMask = 2147483647;
			files = (
				D3A138DD150012C900C81D54 /* README.md in Resources */,
				D3A138E61500135700C81D54 /* placeholder.png in Resources */,
				D3A138E71500135700C81D54 /* placeholder@2x.png in Resources */,
				D3A138E81500135700C81D54 /* MainWindow.xib in Resources */,
			);
			runOnlyForDeploymentPostprocessing = 0;
		};
/* End PBXResourcesBuildPhase section */

/* Begin PBXSourcesBuildPhase section */
		99ABF12D130D3C6400462754 /* Sources */ = {
			isa = PBXSourcesBuildPhase;
			buildActionMask = 2147483647;
			files = (
				D3A138DC150012C900C81D54 /* ADBImageView.m in Sources */,
				D3A138DF1500131D00C81D54 /* main.m in Sources */,
				D3A138E21500133A00C81D54 /* AppDelegate.m in Sources */,
			);
			runOnlyForDeploymentPostprocessing = 0;
		};
/* End PBXSourcesBuildPhase section */

/* Begin XCBuildConfiguration section */
		99ABF14A130D3C6400462754 /* Debug */ = {
			isa = XCBuildConfiguration;
			buildSettings = {
				ARCHS = "$(ARCHS_STANDARD_32_BIT)";
				"CODE_SIGN_IDENTITY[sdk=iphoneos*]" = "iPhone Developer";
				GCC_C_LANGUAGE_STANDARD = gnu99;
				GCC_OPTIMIZATION_LEVEL = 0;
				GCC_PREPROCESSOR_DEFINITIONS = DEBUG;
				GCC_VERSION = com.apple.compilers.llvmgcc42;
				GCC_WARN_ABOUT_RETURN_TYPE = YES;
				GCC_WARN_UNUSED_VARIABLE = YES;
				IPHONEOS_DEPLOYMENT_TARGET = 4.2;
				SDKROOT = iphoneos;
			};
			name = Debug;
		};
		99ABF14B130D3C6400462754 /* Release */ = {
			isa = XCBuildConfiguration;
			buildSettings = {
				ARCHS = "$(ARCHS_STANDARD_32_BIT)";
				"CODE_SIGN_IDENTITY[sdk=iphoneos*]" = "iPhone Developer";
				GCC_C_LANGUAGE_STANDARD = gnu99;
				GCC_VERSION = com.apple.compilers.llvmgcc42;
				GCC_WARN_ABOUT_RETURN_TYPE = YES;
				GCC_WARN_UNUSED_VARIABLE = YES;
				IPHONEOS_DEPLOYMENT_TARGET = 4.2;
				OTHER_CFLAGS = "-DNS_BLOCK_ASSERTIONS=1";
				SDKROOT = iphoneos;
			};
			name = Release;
		};
		99ABF14D130D3C6400462754 /* Debug */ = {
			isa = XCBuildConfiguration;
			buildSettings = {
				ALWAYS_SEARCH_USER_PATHS = NO;
				CLANG_ENABLE_OBJC_ARC = YES;
				COPY_PHASE_STRIP = NO;
				GCC_DYNAMIC_NO_PIC = NO;
				GCC_PRECOMPILE_PREFIX_HEADER = YES;
				GCC_PREFIX_HEADER = "ADBImageViewDemo-Prefix.pch";
				GCC_VERSION = com.apple.compilers.llvm.clang.1_0;
				INFOPLIST_FILE = "ADBImageViewDemo-Info.plist";
				INSTALL_PATH = "$(LOCAL_APPS_DIR)";
				IPHONEOS_DEPLOYMENT_TARGET = 4.0;
				PRODUCT_NAME = ADBImageViewDemo;
				WRAPPER_EXTENSION = app;
			};
			name = Debug;
		};
		99ABF14E130D3C6400462754 /* Release */ = {
			isa = XCBuildConfiguration;
			buildSettings = {
				ALWAYS_SEARCH_USER_PATHS = NO;
				CLANG_ENABLE_OBJC_ARC = YES;
				COPY_PHASE_STRIP = YES;
				GCC_PRECOMPILE_PREFIX_HEADER = YES;
				GCC_PREFIX_HEADER = "ADBImageViewDemo-Prefix.pch";
				GCC_VERSION = com.apple.compilers.llvm.clang.1_0;
				INFOPLIST_FILE = "ADBImageViewDemo-Info.plist";
				INSTALL_PATH = "$(LOCAL_APPS_DIR)";
				IPHONEOS_DEPLOYMENT_TARGET = 4.0;
				PRODUCT_NAME = ADBImageViewDemo;
				VALIDATE_PRODUCT = YES;
				WRAPPER_EXTENSION = app;
			};
			name = Release;
		};
/* End XCBuildConfiguration section */

/* Begin XCConfigurationList section */
		99ABF12B130D3C6400462754 /* Build configuration list for PBXProject "ADBImageViewDemo" */ = {
			isa = XCConfigurationList;
			buildConfigurations = (
				99ABF14A130D3C6400462754 /* Debug */,
				99ABF14B130D3C6400462754 /* Release */,
			);
			defaultConfigurationIsVisible = 0;
			defaultConfigurationName = Release;
		};
		99ABF14C130D3C6400462754 /* Build configuration list for PBXNativeTarget "ADBImageViewDemo" */ = {
			isa = XCConfigurationList;
			buildConfigurations = (
				99ABF14D130D3C6400462754 /* Debug */,
				99ABF14E130D3C6400462754 /* Release */,
			);
			defaultConfigurationIsVisible = 0;
			defaultConfigurationName = Release;
		};
/* End XCConfigurationList section */
	};
	rootObject = 99ABF128130D3C6400462754 /* Project object */;
}
