// !$*UTF8*$!
{
	archiveVersion = 1;
	classes = {
	};
	objectVersion = 46;
	objects = {

/* Begin PBXBuildFile section */
		99ABF136130D3C6400462754 /* UIKit.framework in Frameworks */ = {isa = PBXBuildFile; fileRef = 99ABF135130D3C6400462754 /* UIKit.framework */; };
		99ABF138130D3C6400462754 /* Foundation.framework in Frameworks */ = {isa = PBXBuildFile; fileRef = 99ABF137130D3C6400462754 /* Foundation.framework */; };
		99ABF13A130D3C6400462754 /* CoreGraphics.framework in Frameworks */ = {isa = PBXBuildFile; fileRef = 99ABF139130D3C6400462754 /* CoreGraphics.framework */; };
		99ABF151130D3C9200462754 /* ADBImageView.m in Sources */ = {isa = PBXBuildFile; fileRef = 99ABF150130D3C9200462754 /* ADBImageView.m */; };
		D38BDE5114FD8F2D00A7D182 /* README.md in Resources */ = {isa = PBXBuildFile; fileRef = D38BDE5014FD8F2D00A7D182 /* README.md */; };
		D3AE9D6614FA80CA002E9779 /* ADBImageViewDemo-Info.plist in Resources */ = {isa = PBXBuildFile; fileRef = D3AE9D5B14FA80CA002E9779 /* ADBImageViewDemo-Info.plist */; };
		D3AE9D6714FA80CA002E9779 /* AppDelegate.m in Sources */ = {isa = PBXBuildFile; fileRef = D3AE9D5E14FA80CA002E9779 /* AppDelegate.m */; };
		D3AE9D6A14FA80CA002E9779 /* main.m in Sources */ = {isa = PBXBuildFile; fileRef = D3AE9D6314FA80CA002E9779 /* main.m */; };
		D3AE9D6B14FA80CA002E9779 /* placeholder.png in Resources */ = {isa = PBXBuildFile; fileRef = D3AE9D6414FA80CA002E9779 /* placeholder.png */; };
		D3AE9D6C14FA80CA002E9779 /* placeholder@2x.png in Resources */ = {isa = PBXBuildFile; fileRef = D3AE9D6514FA80CA002E9779 /* placeholder@2x.png */; };
		D3E6F54915000485001916C6 /* MainWindow.xib in Resources */ = {isa = PBXBuildFile; fileRef = D3E6F54815000485001916C6 /* MainWindow.xib */; };
/* End PBXBuildFile section */

/* Begin PBXFileReference section */
		99ABF131130D3C6400462754 /* ADBImageViewDemo.app */ = {isa = PBXFileReference; explicitFileType = wrapper.application; includeInIndex = 0; path = ADBImageViewDemo.app; sourceTree = BUILT_PRODUCTS_DIR; };
		99ABF135130D3C6400462754 /* UIKit.framework */ = {isa = PBXFileReference; lastKnownFileType = wrapper.framework; name = UIKit.framework; path = System/Library/Frameworks/UIKit.framework; sourceTree = SDKROOT; };
		99ABF137130D3C6400462754 /* Foundation.framework */ = {isa = PBXFileReference; lastKnownFileType = wrapper.framework; name = Foundation.framework; path = System/Library/Frameworks/Foundation.framework; sourceTree = SDKROOT; };
		99ABF139130D3C6400462754 /* CoreGraphics.framework */ = {isa = PBXFileReference; lastKnownFileType = wrapper.framework; name = CoreGraphics.framework; path = System/Library/Frameworks/CoreGraphics.framework; sourceTree = SDKROOT; };
		99ABF14F130D3C9200462754 /* ADBImageView.h */ = {isa = PBXFileReference; fileEncoding = 4; lastKnownFileType = sourcecode.c.h; path = ADBImageView.h; sourceTree = "<group>"; };
		99ABF150130D3C9200462754 /* ADBImageView.m */ = {isa = PBXFileReference; fileEncoding = 4; lastKnownFileType = sourcecode.c.objc; path = ADBImageView.m; sourceTree = "<group>"; };
		D38BDE5014FD8F2D00A7D182 /* README.md */ = {isa = PBXFileReference; fileEncoding = 4; lastKnownFileType = text; path = README.md; sourceTree = "<group>"; };
		D3AE9D5B14FA80CA002E9779 /* ADBImageViewDemo-Info.plist */ = {isa = PBXFileReference; fileEncoding = 4; lastKnownFileType = text.plist.xml; path = "ADBImageViewDemo-Info.plist"; sourceTree = "<group>"; };
		D3AE9D5C14FA80CA002E9779 /* ADBImageViewDemo-Prefix.pch */ = {isa = PBXFileReference; fileEncoding = 4; lastKnownFileType = sourcecode.c.h; path = "ADBImageViewDemo-Prefix.pch"; sourceTree = "<group>"; };
		D3AE9D5E14FA80CA002E9779 /* AppDelegate.m */ = {isa = PBXFileReference; fileEncoding = 4; lastKnownFileType = sourcecode.c.objc; path = AppDelegate.m; sourceTree = "<group>"; };
		D3AE9D6314FA80CA002E9779 /* main.m */ = {isa = PBXFileReference; fileEncoding = 4; lastKnownFileType = sourcecode.c.objc; path = main.m; sourceTree = "<group>"; };
		D3AE9D6414FA80CA002E9779 /* placeholder.png */ = {isa = PBXFileReference; lastKnownFileType = image.png; path = placeholder.png; sourceTree = "<group>"; };
		D3AE9D6514FA80CA002E9779 /* placeholder@2x.png */ = {isa = PBXFileReference; lastKnownFileType = image.png; path = "placeholder@2x.png"; sourceTree = "<group>"; };
		D3AE9D8614FA8B9A002E9779 /* AppDelegate.h */ = {isa = PBXFileReference; fileEncoding = 4; lastKnownFileType = sourcecode.c.h; path = AppDelegate.h; sourceTree = "<group>"; };
		D3E6F54815000485001916C6 /* MainWindow.xib */ = {isa = PBXFileReference; fileEncoding = 4; lastKnownFileType = file.xib; path = MainWindow.xib; sourceTree = "<group>"; };
/* End PBXFileReference section */

/* Begin PBXFrameworksBuildPhase section */
		99ABF12E130D3C6400462754 /* Frameworks */ = {
			isa = PBXFrameworksBuildPhase;
			buildActionMask = 2147483647;
			files = (
				99ABF136130D3C6400462754 /* UIKit.framework in Frameworks */,
				99ABF138130D3C6400462754 /* Foundation.framework in Frameworks */,
				99ABF13A130D3C6400462754 /* CoreGraphics.framework in Frameworks */,
			);
			runOnlyForDeploymentPostprocessing = 0;
		};
/* End PBXFrameworksBuildPhase section */

/* Begin PBXGroup section */
		99ABF126130D3C6400462754 = {
			isa = PBXGroup;
			children = (
				D38BDE5014FD8F2D00A7D182 /* README.md */,
				99ABF152130D3C9700462754 /* ADBIMageView */,
				D3AE9D5A14FA80CA002E9779 /* ADBImageViewDemo */,
				99ABF134130D3C6400462754 /* Frameworks */,
				99ABF132130D3C6400462754 /* Products */,
			);
			sourceTree = "<group>";
		};
		99ABF132130D3C6400462754 /* Products */ = {
			isa = PBXGroup;
			children = (
				99ABF131130D3C6400462754 /* ADBImageViewDemo.app */,
			);
			name = Products;
			sourceTree = "<group>";
		};
		99ABF134130D3C6400462754 /* Frameworks */ = {
			isa = PBXGroup;
			children = (
				99ABF135130D3C6400462754 /* UIKit.framework */,
				99ABF137130D3C6400462754 /* Foundation.framework */,
				99ABF139130D3C6400462754 /* CoreGraphics.framework */,
			);
			name = Frameworks;
			sourceTree = "<group>";
		};
		99ABF152130D3C9700462754 /* ADBIMageView */ = {
			isa = PBXGroup;
			children = (
				99ABF14F130D3C9200462754 /* ADBImageView.h */,
				99ABF150130D3C9200462754 /* ADBImageView.m */,
			);
			name = ADBIMageView;
			sourceTree = "<group>";
		};
		D3AE9D5A14FA80CA002E9779 /* ADBImageViewDemo */ = {
			isa = PBXGroup;
			children = (
				D3AE9D6D14FA80DE002E9779 /* Supporting Files */,
				D3AE9D8614FA8B9A002E9779 /* AppDelegate.h */,
				D3AE9D5E14FA80CA002E9779 /* AppDelegate.m */,
				D3AE9D6414FA80CA002E9779 /* placeholder.png */,
				D3AE9D6514FA80CA002E9779 /* placeholder@2x.png */,
				D3E6F54815000485001916C6 /* MainWindow.xib */,
			);
			path = ADBImageViewDemo;
			sourceTree = "<group>";
		};
		D3AE9D6D14FA80DE002E9779 /* Supporting Files */ = {
			isa = PBXGroup;
			children = (
				D3AE9D5B14FA80CA002E9779 /* ADBImageViewDemo-Info.plist */,
				D3AE9D5C14FA80CA002E9779 /* ADBImageViewDemo-Prefix.pch */,
				D3AE9D6314FA80CA002E9779 /* main.m */,
			);
			name = "Supporting Files";
			sourceTree = "<group>";
		};
/* End PBXGroup section */

/* Begin PBXNativeTarget section */
		99ABF130130D3C6400462754 /* ADBImageViewDemo */ = {
			isa = PBXNativeTarget;
			buildConfigurationList = 99ABF14C130D3C6400462754 /* Build configuration list for PBXNativeTarget "ADBImageViewDemo" */;
			buildPhases = (
				99ABF12D130D3C6400462754 /* Sources */,
				99ABF12E130D3C6400462754 /* Frameworks */,
				99ABF12F130D3C6400462754 /* Resources */,
			);
			buildRules = (
			);
			dependencies = (
			);
			name = ADBImageViewDemo;
			productName = TCImageViewDemo;
			productReference = 99ABF131130D3C6400462754 /* ADBImageViewDemo.app */;
			productType = "com.apple.product-type.application";
		};
/* End PBXNativeTarget section */

/* Begin PBXProject section */
		99ABF128130D3C6400462754 /* Project object */ = {
			isa = PBXProject;
			attributes = {
				ORGANIZATIONNAME = 63BITS;
			};
			buildConfigurationList = 99ABF12B130D3C6400462754 /* Build configuration list for PBXProject "ADBImageViewDemo" */;
			compatibilityVersion = "Xcode 3.2";
			developmentRegion = English;
			hasScannedForEncodings = 0;
			knownRegions = (
				en,
			);
			mainGroup = 99ABF126130D3C6400462754;
			productRefGroup = 99ABF132130D3C6400462754 /* Products */;
			projectDirPath = "";
			projectRoot = "";
			targets = (
				99ABF130130D3C6400462754 /* ADBImageViewDemo */,
			);
		};
/* End PBXProject section */

/* Begin PBXResourcesBuildPhase section */
		99ABF12F130D3C6400462754 /* Resources */ = {
			isa = PBXResourcesBuildPhase;
			buildActionMask = 2147483647;
			files = (
				D3AE9D6614FA80CA002E9779 /* ADBImageViewDemo-Info.plist in Resources */,
				D3AE9D6B14FA80CA002E9779 /* placeholder.png in Resources */,
				D3AE9D6C14FA80CA002E9779 /* placeholder@2x.png in Resources */,
				D38BDE5114FD8F2D00A7D182 /* README.md in Resources */,
				D3E6F54915000485001916C6 /* MainWindow.xib in Resources */,
			);
			runOnlyForDeploymentPostprocessing = 0;
		};
/* End PBXResourcesBuildPhase section */

/* Begin PBXSourcesBuildPhase section */
		99ABF12D130D3C6400462754 /* Sources */ = {
			isa = PBXSourcesBuildPhase;
			buildActionMask = 2147483647;
			files = (
				99ABF151130D3C9200462754 /* ADBImageView.m in Sources */,
				D3AE9D6714FA80CA002E9779 /* AppDelegate.m in Sources */,
				D3AE9D6A14FA80CA002E9779 /* main.m in Sources */,
			);
			runOnlyForDeploymentPostprocessing = 0;
		};
/* End PBXSourcesBuildPhase section */

/* Begin XCBuildConfiguration section */
		99ABF14A130D3C6400462754 /* Debug */ = {
			isa = XCBuildConfiguration;
			buildSettings = {
				ARCHS = "$(ARCHS_STANDARD_32_BIT)";
				"CODE_SIGN_IDENTITY[sdk=iphoneos*]" = "iPhone Developer";
				GCC_C_LANGUAGE_STANDARD = gnu99;
				GCC_OPTIMIZATION_LEVEL = 0;
				GCC_PREPROCESSOR_DEFINITIONS = DEBUG;
				GCC_VERSION = com.apple.compilers.llvmgcc42;
				GCC_WARN_ABOUT_RETURN_TYPE = YES;
				GCC_WARN_UNUSED_VARIABLE = YES;
				IPHONEOS_DEPLOYMENT_TARGET = 4.2;
				SDKROOT = iphoneos;
			};
			name = Debug;
		};
		99ABF14B130D3C6400462754 /* Release */ = {
			isa = XCBuildConfiguration;
			buildSettings = {
				ARCHS = "$(ARCHS_STANDARD_32_BIT)";
				"CODE_SIGN_IDENTITY[sdk=iphoneos*]" = "iPhone Developer";
				GCC_C_LANGUAGE_STANDARD = gnu99;
				GCC_VERSION = com.apple.compilers.llvmgcc42;
				GCC_WARN_ABOUT_RETURN_TYPE = YES;
				GCC_WARN_UNUSED_VARIABLE = YES;
				IPHONEOS_DEPLOYMENT_TARGET = 4.2;
				OTHER_CFLAGS = "-DNS_BLOCK_ASSERTIONS=1";
				SDKROOT = iphoneos;
			};
			name = Release;
		};
		99ABF14D130D3C6400462754 /* Debug */ = {
			isa = XCBuildConfiguration;
			buildSettings = {
				ALWAYS_SEARCH_USER_PATHS = NO;
				CLANG_ENABLE_OBJC_ARC = YES;
				COPY_PHASE_STRIP = NO;
				GCC_DYNAMIC_NO_PIC = NO;
				GCC_PRECOMPILE_PREFIX_HEADER = YES;
				GCC_PREFIX_HEADER = "ADBImageViewDemo/ADBImageViewDemo-Prefix.pch";
				GCC_VERSION = com.apple.compilers.llvm.clang.1_0;
				INFOPLIST_FILE = "ADBImageViewDemo/ADBImageViewDemo-Info.plist";
				INSTALL_PATH = "$(LOCAL_APPS_DIR)";
				IPHONEOS_DEPLOYMENT_TARGET = 4.0;
				PRODUCT_NAME = ADBImageViewDemo;
				WRAPPER_EXTENSION = app;
			};
			name = Debug;
		};
		99ABF14E130D3C6400462754 /* Release */ = {
			isa = XCBuildConfiguration;
			buildSettings = {
				ALWAYS_SEARCH_USER_PATHS = NO;
				CLANG_ENABLE_OBJC_ARC = YES;
				COPY_PHASE_STRIP = YES;
				GCC_PRECOMPILE_PREFIX_HEADER = YES;
				GCC_PREFIX_HEADER = "ADBImageViewDemo/ADBImageViewDemo-Prefix.pch";
				GCC_VERSION = com.apple.compilers.llvm.clang.1_0;
				INFOPLIST_FILE = "ADBImageViewDemo/ADBImageViewDemo-Info.plist";
				INSTALL_PATH = "$(LOCAL_APPS_DIR)";
				IPHONEOS_DEPLOYMENT_TARGET = 4.0;
				PRODUCT_NAME = ADBImageViewDemo;
				VALIDATE_PRODUCT = YES;
				WRAPPER_EXTENSION = app;
			};
			name = Release;
		};
/* End XCBuildConfiguration section */

/* Begin XCConfigurationList section */
		99ABF12B130D3C6400462754 /* Build configuration list for PBXProject "ADBImageViewDemo" */ = {
			isa = XCConfigurationList;
			buildConfigurations = (
				99ABF14A130D3C6400462754 /* Debug */,
				99ABF14B130D3C6400462754 /* Release */,
			);
			defaultConfigurationIsVisible = 0;
			defaultConfigurationName = Release;
		};
		99ABF14C130D3C6400462754 /* Build configuration list for PBXNativeTarget "ADBImageViewDemo" */ = {
			isa = XCConfigurationList;
			buildConfigurations = (
				99ABF14D130D3C6400462754 /* Debug */,
				99ABF14E130D3C6400462754 /* Release */,
			);
			defaultConfigurationIsVisible = 0;
			defaultConfigurationName = Release;
		};
/* End XCConfigurationList section */
	};
	rootObject = 99ABF128130D3C6400462754 /* Project object */;
}
